
Microsoft Visual Studio Solution File, Format Version 12.00
# Visual Studio Version 17
VisualStudioVersion = 17.13.35931.197 d17.13
MinimumVisualStudioVersion = 10.0.40219.1
Project("{FAE04EC0-301F-11D3-BF4B-00C04F79EFBC}") = "GridLineCustomize", "GridLineCustomize\GridLineCustomize.csproj", "{6AC96B8B-331F-4FA6-87A7-7400176EDCB5}"
EndProject
Global
	GlobalSection(SolutionConfigurationPlatforms) = preSolution
		Debug|Any CPU = Debug|Any CPU
		Release|Any CPU = Release|Any CPU
	EndGlobalSection
	GlobalSection(ProjectConfigurationPlatforms) = postSolution
		{6AC96B8B-331F-4FA6-87A7-7400176EDCB5}.Debug|Any CPU.ActiveCfg = Debug|Any CPU
		{6AC96B8B-331F-4FA6-87A7-7400176EDCB5}.Debug|Any CPU.Build.0 = Debug|Any CPU
		{6AC96B8B-331F-4FA6-87A7-7400176EDCB5}.Release|Any CPU.ActiveCfg = Release|Any CPU
		{6AC96B8B-331F-4FA6-87A7-7400176EDCB5}.Release|Any CPU.Build.0 = Release|Any CPU
	EndGlobalSection
	GlobalSection(SolutionProperties) = preSolution
		HideSolutionNode = FALSE
	EndGlobalSection
	GlobalSection(ExtensibilityGlobals) = postSolution
		SolutionGuid = {ADDF202E-CC9A-4CC5-B634-541DA025DB72}
	EndGlobalSection
EndGlobal
